
Microsoft Visual Studio Solution File, Format Version 12.00
# Visual Studio 15
VisualStudioVersion = 15.0.27703.2035
MinimumVisualStudioVersion = 10.0.40219.1
Project("{FAE04EC0-301F-11D3-BF4B-00C04F79EFBC}") = "EC-WorkLoad", "EC-WorkLoad\EC-WorkLoad.csproj", "{21F65489-325E-4099-AF3B-D70AD5436497}"
EndProject
Project("{FAE04EC0-301F-11D3-BF4B-00C04F79EFBC}") = "EC-WorkLoad.Model", "EC-WorkLoad.Model\EC-WorkLoad.Model.csproj", "{02EE064A-C950-48A5-A56C-F527C780D4E1}"
EndProject
Global
	GlobalSection(SolutionConfigurationPlatforms) = preSolution
		Debug|Any CPU = Debug|Any CPU
		Release|Any CPU = Release|Any CPU
	EndGlobalSection
	GlobalSection(ProjectConfigurationPlatforms) = postSolution
		{21F65489-325E-4099-AF3B-D70AD5436497}.Debug|Any CPU.ActiveCfg = Debug|Any CPU
		{21F65489-325E-4099-AF3B-D70AD5436497}.Debug|Any CPU.Build.0 = Debug|Any CPU
		{21F65489-325E-4099-AF3B-D70AD5436497}.Release|Any CPU.ActiveCfg = Release|Any CPU
		{21F65489-325E-4099-AF3B-D70AD5436497}.Release|Any CPU.Build.0 = Release|Any CPU
		{02EE064A-C950-48A5-A56C-F527C780D4E1}.Debug|Any CPU.ActiveCfg = Debug|Any CPU
		{02EE064A-C950-48A5-A56C-F527C780D4E1}.Debug|Any CPU.Build.0 = Debug|Any CPU
		{02EE064A-C950-48A5-A56C-F527C780D4E1}.Release|Any CPU.ActiveCfg = Release|Any CPU
		{02EE064A-C950-48A5-A56C-F527C780D4E1}.Release|Any CPU.Build.0 = Release|Any CPU
	EndGlobalSection
	GlobalSection(SolutionProperties) = preSolution
		HideSolutionNode = FALSE
	EndGlobalSection
	GlobalSection(ExtensibilityGlobals) = postSolution
		SolutionGuid = {0CE2C993-A3F0-4A57-98E2-A9A0C2A3F2EF}
	EndGlobalSection
EndGlobal
